
Microsoft Visual Studio Solution File, Format Version 12.00
# Visual Studio Version 16
VisualStudioVersion = 16.0.32413.511
MinimumVisualStudioVersion = 10.0.40219.1
Project("{FAE04EC0-301F-11D3-BF4B-00C04F79EFBC}") = "App.Domain", "App.Domain\App.Domain.csproj", "{DE99E84C-A04D-44D1-AE26-88D5A0B1FE72}"
EndProject
Project("{FAE04EC0-301F-11D3-BF4B-00C04F79EFBC}") = "App.BusinessLogic", "App.BusinessLogic\App.BusinessLogic.csproj", "{10962815-60B4-404C-9636-95F8EB9A921F}"
EndProject
Project("{FAE04EC0-301F-11D3-BF4B-00C04F79EFBC}") = "App.Service", "App.Service\App.Service.csproj", "{5160CF32-4E1A-4F2A-9F66-258776CBE263}"
EndProject
Project("{FAE04EC0-301F-11D3-BF4B-00C04F79EFBC}") = "App.API", "App.API\App.API.csproj", "{2D6D2620-D5D5-4D16-ADC2-87AB72DA3770}"
EndProject
Project("{9A19103F-16F7-4668-BE54-9A1E7A4F7556}") = "App.DTO", "App.DTO\App.DTO.csproj", "{72579C54-46B5-480F-A513-2420EC1E49FC}"
EndProject
Project("{FAE04EC0-301F-11D3-BF4B-00C04F79EFBC}") = "App.SMS", "App.SMS\App.SMS.csproj", "{578C5E20-DCC9-4E4B-899A-A99389CED5BA}"
EndProject
Global
	GlobalSection(SolutionConfigurationPlatforms) = preSolution
		Debug|Any CPU = Debug|Any CPU
		Debug|x64 = Debug|x64
		Debug|x86 = Debug|x86
		Release|Any CPU = Release|Any CPU
		Release|x64 = Release|x64
		Release|x86 = Release|x86
	EndGlobalSection
	GlobalSection(ProjectConfigurationPlatforms) = postSolution
		{DE99E84C-A04D-44D1-AE26-88D5A0B1FE72}.Debug|Any CPU.ActiveCfg = Debug|Any CPU
		{DE99E84C-A04D-44D1-AE26-88D5A0B1FE72}.Debug|Any CPU.Build.0 = Debug|Any CPU
		{DE99E84C-A04D-44D1-AE26-88D5A0B1FE72}.Debug|x64.ActiveCfg = Debug|Any CPU
		{DE99E84C-A04D-44D1-AE26-88D5A0B1FE72}.Debug|x64.Build.0 = Debug|Any CPU
		{DE99E84C-A04D-44D1-AE26-88D5A0B1FE72}.Debug|x86.ActiveCfg = Debug|Any CPU
		{DE99E84C-A04D-44D1-AE26-88D5A0B1FE72}.Debug|x86.Build.0 = Debug|Any CPU
		{DE99E84C-A04D-44D1-AE26-88D5A0B1FE72}.Release|Any CPU.ActiveCfg = Release|Any CPU
		{DE99E84C-A04D-44D1-AE26-88D5A0B1FE72}.Release|Any CPU.Build.0 = Release|Any CPU
		{DE99E84C-A04D-44D1-AE26-88D5A0B1FE72}.Release|x64.ActiveCfg = Release|Any CPU
		{DE99E84C-A04D-44D1-AE26-88D5A0B1FE72}.Release|x64.Build.0 = Release|Any CPU
		{DE99E84C-A04D-44D1-AE26-88D5A0B1FE72}.Release|x86.ActiveCfg = Release|Any CPU
		{DE99E84C-A04D-44D1-AE26-88D5A0B1FE72}.Release|x86.Build.0 = Release|Any CPU
		{10962815-60B4-404C-9636-95F8EB9A921F}.Debug|Any CPU.ActiveCfg = Debug|Any CPU
		{10962815-60B4-404C-9636-95F8EB9A921F}.Debug|Any CPU.Build.0 = Debug|Any CPU
		{10962815-60B4-404C-9636-95F8EB9A921F}.Debug|x64.ActiveCfg = Debug|Any CPU
		{10962815-60B4-404C-9636-95F8EB9A921F}.Debug|x64.Build.0 = Debug|Any CPU
		{10962815-60B4-404C-9636-95F8EB9A921F}.Debug|x86.ActiveCfg = Debug|Any CPU
		{10962815-60B4-404C-9636-95F8EB9A921F}.Debug|x86.Build.0 = Debug|Any CPU
		{10962815-60B4-404C-9636-95F8EB9A921F}.Release|Any CPU.ActiveCfg = Release|Any CPU
		{10962815-60B4-404C-9636-95F8EB9A921F}.Release|Any CPU.Build.0 = Release|Any CPU
		{10962815-60B4-404C-9636-95F8EB9A921F}.Release|x64.ActiveCfg = Release|Any CPU
		{10962815-60B4-404C-9636-95F8EB9A921F}.Release|x64.Build.0 = Release|Any CPU
		{10962815-60B4-404C-9636-95F8EB9A921F}.Release|x86.ActiveCfg = Release|Any CPU
		{10962815-60B4-404C-9636-95F8EB9A921F}.Release|x86.Build.0 = Release|Any CPU
		{5160CF32-4E1A-4F2A-9F66-258776CBE263}.Debug|Any CPU.ActiveCfg = Debug|Any CPU
		{5160CF32-4E1A-4F2A-9F66-258776CBE263}.Debug|Any CPU.Build.0 = Debug|Any CPU
		{5160CF32-4E1A-4F2A-9F66-258776CBE263}.Debug|x64.ActiveCfg = Debug|x64
		{5160CF32-4E1A-4F2A-9F66-258776CBE263}.Debug|x64.Build.0 = Debug|x64
		{5160CF32-4E1A-4F2A-9F66-258776CBE263}.Debug|x86.ActiveCfg = Debug|x86
		{5160CF32-4E1A-4F2A-9F66-258776CBE263}.Debug|x86.Build.0 = Debug|x86
		{5160CF32-4E1A-4F2A-9F66-258776CBE263}.Release|Any CPU.ActiveCfg = Release|Any CPU
		{5160CF32-4E1A-4F2A-9F66-258776CBE263}.Release|Any CPU.Build.0 = Release|Any CPU
		{5160CF32-4E1A-4F2A-9F66-258776CBE263}.Release|x64.ActiveCfg = Release|x64
		{5160CF32-4E1A-4F2A-9F66-258776CBE263}.Release|x64.Build.0 = Release|x64
		{5160CF32-4E1A-4F2A-9F66-258776CBE263}.Release|x86.ActiveCfg = Release|x86
		{5160CF32-4E1A-4F2A-9F66-258776CBE263}.Release|x86.Build.0 = Release|x86
		{2D6D2620-D5D5-4D16-ADC2-87AB72DA3770}.Debug|Any CPU.ActiveCfg = Debug|Any CPU
		{2D6D2620-D5D5-4D16-ADC2-87AB72DA3770}.Debug|Any CPU.Build.0 = Debug|Any CPU
		{2D6D2620-D5D5-4D16-ADC2-87AB72DA3770}.Debug|x64.ActiveCfg = Debug|Any CPU
		{2D6D2620-D5D5-4D16-ADC2-87AB72DA3770}.Debug|x64.Build.0 = Debug|Any CPU
		{2D6D2620-D5D5-4D16-ADC2-87AB72DA3770}.Debug|x86.ActiveCfg = Debug|Any CPU
		{2D6D2620-D5D5-4D16-ADC2-87AB72DA3770}.Debug|x86.Build.0 = Debug|Any CPU
		{2D6D2620-D5D5-4D16-ADC2-87AB72DA3770}.Release|Any CPU.ActiveCfg = Release|Any CPU
		{2D6D2620-D5D5-4D16-ADC2-87AB72DA3770}.Release|Any CPU.Build.0 = Release|Any CPU
		{2D6D2620-D5D5-4D16-ADC2-87AB72DA3770}.Release|x64.ActiveCfg = Release|Any CPU
		{2D6D2620-D5D5-4D16-ADC2-87AB72DA3770}.Release|x64.Build.0 = Release|Any CPU
		{2D6D2620-D5D5-4D16-ADC2-87AB72DA3770}.Release|x86.ActiveCfg = Release|Any CPU
		{2D6D2620-D5D5-4D16-ADC2-87AB72DA3770}.Release|x86.Build.0 = Release|Any CPU
		{72579C54-46B5-480F-A513-2420EC1E49FC}.Debug|Any CPU.ActiveCfg = Debug|Any CPU
		{72579C54-46B5-480F-A513-2420EC1E49FC}.Debug|Any CPU.Build.0 = Debug|Any CPU
		{72579C54-46B5-480F-A513-2420EC1E49FC}.Debug|x64.ActiveCfg = Debug|Any CPU
		{72579C54-46B5-480F-A513-2420EC1E49FC}.Debug|x64.Build.0 = Debug|Any CPU
		{72579C54-46B5-480F-A513-2420EC1E49FC}.Debug|x86.ActiveCfg = Debug|Any CPU
		{72579C54-46B5-480F-A513-2420EC1E49FC}.Debug|x86.Build.0 = Debug|Any CPU
		{72579C54-46B5-480F-A513-2420EC1E49FC}.Release|Any CPU.ActiveCfg = Release|Any CPU
		{72579C54-46B5-480F-A513-2420EC1E49FC}.Release|Any CPU.Build.0 = Release|Any CPU
		{72579C54-46B5-480F-A513-2420EC1E49FC}.Release|x64.ActiveCfg = Release|Any CPU
		{72579C54-46B5-480F-A513-2420EC1E49FC}.Release|x64.Build.0 = Release|Any CPU
		{72579C54-46B5-480F-A513-2420EC1E49FC}.Release|x86.ActiveCfg = Release|Any CPU
		{72579C54-46B5-480F-A513-2420EC1E49FC}.Release|x86.Build.0 = Release|Any CPU
		{578C5E20-DCC9-4E4B-899A-A99389CED5BA}.Debug|Any CPU.ActiveCfg = Debug|Any CPU
		{578C5E20-DCC9-4E4B-899A-A99389CED5BA}.Debug|Any CPU.Build.0 = Debug|Any CPU
		{578C5E20-DCC9-4E4B-899A-A99389CED5BA}.Debug|x64.ActiveCfg = Debug|Any CPU
		{578C5E20-DCC9-4E4B-899A-A99389CED5BA}.Debug|x64.Build.0 = Debug|Any CPU
		{578C5E20-DCC9-4E4B-899A-A99389CED5BA}.Debug|x86.ActiveCfg = Debug|Any CPU
		{578C5E20-DCC9-4E4B-899A-A99389CED5BA}.Debug|x86.Build.0 = Debug|Any CPU
		{578C5E20-DCC9-4E4B-899A-A99389CED5BA}.Release|Any CPU.ActiveCfg = Release|Any CPU
		{578C5E20-DCC9-4E4B-899A-A99389CED5BA}.Release|Any CPU.Build.0 = Release|Any CPU
		{578C5E20-DCC9-4E4B-899A-A99389CED5BA}.Release|x64.ActiveCfg = Release|Any CPU
		{578C5E20-DCC9-4E4B-899A-A99389CED5BA}.Release|x64.Build.0 = Release|Any CPU
		{578C5E20-DCC9-4E4B-899A-A99389CED5BA}.Release|x86.ActiveCfg = Release|Any CPU
		{578C5E20-DCC9-4E4B-899A-A99389CED5BA}.Release|x86.Build.0 = Release|Any CPU
	EndGlobalSection
	GlobalSection(SolutionProperties) = preSolution
		HideSolutionNode = FALSE
	EndGlobalSection
	GlobalSection(ExtensibilityGlobals) = postSolution
		SolutionGuid = {733A39ED-04D3-4AE5-8B01-FF4829C21199}
	EndGlobalSection
EndGlobal
